
Microsoft Visual Studio Solution File, Format Version 12.00
# Visual Studio Version 16
VisualStudioVersion = 16.0.28803.202
MinimumVisualStudioVersion = 10.0.40219.1
Project("{8BC9CEB8-8B4A-11D0-8D11-00A0C91BC942}") = "VulkanCPractice", "VulkanProgram.vcxproj", "{5A4234BA-9B20-4CD4-B9F0-D7BC800EDB93}"
	ProjectSection(ProjectDependencies) = postProject
		{78B079BD-9FC7-4B9E-B4A6-96DA0F00248B} = {78B079BD-9FC7-4B9E-B4A6-96DA0F00248B}
	EndProjectSection
EndProject
Project("{8BC9CEB8-8B4A-11D0-8D11-00A0C91BC942}") = "freetype", "external\freetype2\builds\windows\vc2010\freetype.vcxproj", "{78B079BD-9FC7-4B9E-B4A6-96DA0F00248B}"
EndProject
Global
	GlobalSection(SolutionConfigurationPlatforms) = preSolution
		Debug Static|x64 = Debug Static|x64
		Debug Static|x86 = Debug Static|x86
		Debug|x64 = Debug|x64
		Debug|x86 = Debug|x86
		Release Static|x64 = Release Static|x64
		Release Static|x86 = Release Static|x86
		Release|x64 = Release|x64
		Release|x86 = Release|x86
	EndGlobalSection
	GlobalSection(ProjectConfigurationPlatforms) = postSolution
		{5A4234BA-9B20-4CD4-B9F0-D7BC800EDB93}.Debug Static|x64.ActiveCfg = Debug|x64
		{5A4234BA-9B20-4CD4-B9F0-D7BC800EDB93}.Debug Static|x64.Build.0 = Debug|x64
		{5A4234BA-9B20-4CD4-B9F0-D7BC800EDB93}.Debug Static|x86.ActiveCfg = Debug|Win32
		{5A4234BA-9B20-4CD4-B9F0-D7BC800EDB93}.Debug Static|x86.Build.0 = Debug|Win32
		{5A4234BA-9B20-4CD4-B9F0-D7BC800EDB93}.Debug|x64.ActiveCfg = Debug|x64
		{5A4234BA-9B20-4CD4-B9F0-D7BC800EDB93}.Debug|x64.Build.0 = Debug|x64
		{5A4234BA-9B20-4CD4-B9F0-D7BC800EDB93}.Debug|x86.ActiveCfg = Debug|Win32
		{5A4234BA-9B20-4CD4-B9F0-D7BC800EDB93}.Debug|x86.Build.0 = Debug|Win32
		{5A4234BA-9B20-4CD4-B9F0-D7BC800EDB93}.Release Static|x64.ActiveCfg = Release|x64
		{5A4234BA-9B20-4CD4-B9F0-D7BC800EDB93}.Release Static|x64.Build.0 = Release|x64
		{5A4234BA-9B20-4CD4-B9F0-D7BC800EDB93}.Release Static|x86.ActiveCfg = Release|Win32
		{5A4234BA-9B20-4CD4-B9F0-D7BC800EDB93}.Release Static|x86.Build.0 = Release|Win32
		{5A4234BA-9B20-4CD4-B9F0-D7BC800EDB93}.Release|x64.ActiveCfg = Release|x64
		{5A4234BA-9B20-4CD4-B9F0-D7BC800EDB93}.Release|x64.Build.0 = Release|x64
		{5A4234BA-9B20-4CD4-B9F0-D7BC800EDB93}.Release|x86.ActiveCfg = Release|Win32
		{5A4234BA-9B20-4CD4-B9F0-D7BC800EDB93}.Release|x86.Build.0 = Release|Win32
		{78B079BD-9FC7-4B9E-B4A6-96DA0F00248B}.Debug Static|x64.ActiveCfg = Debug Static|x64
		{78B079BD-9FC7-4B9E-B4A6-96DA0F00248B}.Debug Static|x64.Build.0 = Debug Static|x64
		{78B079BD-9FC7-4B9E-B4A6-96DA0F00248B}.Debug Static|x86.ActiveCfg = Debug Static|Win32
		{78B079BD-9FC7-4B9E-B4A6-96DA0F00248B}.Debug Static|x86.Build.0 = Debug Static|Win32
		{78B079BD-9FC7-4B9E-B4A6-96DA0F00248B}.Debug|x64.ActiveCfg = Debug|x64
		{78B079BD-9FC7-4B9E-B4A6-96DA0F00248B}.Debug|x64.Build.0 = Debug|x64
		{78B079BD-9FC7-4B9E-B4A6-96DA0F00248B}.Debug|x86.ActiveCfg = Debug|Win32
		{78B079BD-9FC7-4B9E-B4A6-96DA0F00248B}.Debug|x86.Build.0 = Debug|Win32
		{78B079BD-9FC7-4B9E-B4A6-96DA0F00248B}.Release Static|x64.ActiveCfg = Release Static|x64
		{78B079BD-9FC7-4B9E-B4A6-96DA0F00248B}.Release Static|x64.Build.0 = Release Static|x64
		{78B079BD-9FC7-4B9E-B4A6-96DA0F00248B}.Release Static|x86.ActiveCfg = Release Static|Win32
		{78B079BD-9FC7-4B9E-B4A6-96DA0F00248B}.Release Static|x86.Build.0 = Release Static|Win32
		{78B079BD-9FC7-4B9E-B4A6-96DA0F00248B}.Release|x64.ActiveCfg = Release|x64
		{78B079BD-9FC7-4B9E-B4A6-96DA0F00248B}.Release|x64.Build.0 = Release|x64
		{78B079BD-9FC7-4B9E-B4A6-96DA0F00248B}.Release|x86.ActiveCfg = Release|Win32
		{78B079BD-9FC7-4B9E-B4A6-96DA0F00248B}.Release|x86.Build.0 = Release|Win32
	EndGlobalSection
	GlobalSection(SolutionProperties) = preSolution
		HideSolutionNode = FALSE
	EndGlobalSection
	GlobalSection(ExtensibilityGlobals) = postSolution
		SolutionGuid = {211CEE53-604D-4FB3-900F-AAFFF9A2589E}
	EndGlobalSection
EndGlobal
